# THIS IS AN AUTOGENERATED FILE. DO NOT EDIT THIS FILE DIRECTLY.
# yarn lockfile v1


"@babel/code-frame@^7.12.13":
  version "7.12.13"
  resolved "https://registry.npmjs.org/@babel/code-frame/-/code-frame-7.12.13.tgz"
  integrity sha512-HV1Cm0Q3ZrpCR93tkWOYiuYIgLxZXZFVG2VgK+MBWjUqZTundupbfx2aXarXuw5Ko5aMcjtJgbSs4vUGBS5v6g==
  dependencies:
    "@babel/highlight" "^7.12.13"

"@babel/compat-data@^7.13.15":
  version "7.13.15"
  resolved "https://registry.npmjs.org/@babel/compat-data/-/compat-data-7.13.15.tgz"
  integrity sha512-ltnibHKR1VnrU4ymHyQ/CXtNXI6yZC0oJThyW78Hft8XndANwi+9H+UIklBDraIjFEJzw8wmcM427oDd9KS5wA==

"@babel/core@^7.12.13":
  version "7.13.16"
  resolved "https://registry.npmjs.org/@babel/core/-/core-7.13.16.tgz"
  integrity sha512-sXHpixBiWWFti0AV2Zq7avpTasr6sIAu7Y396c608541qAU2ui4a193m0KSQmfPSKFZLnQ3cvlKDOm3XkuXm3Q==
  dependencies:
    "@babel/code-frame" "^7.12.13"
    "@babel/generator" "^7.13.16"
    "@babel/helper-compilation-targets" "^7.13.16"
    "@babel/helper-module-transforms" "^7.13.14"
    "@babel/helpers" "^7.13.16"
    "@babel/parser" "^7.13.16"
    "@babel/template" "^7.12.13"
    "@babel/traverse" "^7.13.15"
    "@babel/types" "^7.13.16"
    convert-source-map "^1.7.0"
    debug "^4.1.0"
    gensync "^1.0.0-beta.2"
    json5 "^2.1.2"
    semver "^6.3.0"
    source-map "^0.5.0"

"@babel/generator@^7.13.16":
  version "7.13.16"
  resolved "https://registry.npmjs.org/@babel/generator/-/generator-7.13.16.tgz"
  integrity sha512-grBBR75UnKOcUWMp8WoDxNsWCFl//XCK6HWTrBQKTr5SV9f5g0pNOjdyzi/DTBv12S9GnYPInIXQBTky7OXEMg==
  dependencies:
    "@babel/types" "^7.13.16"
    jsesc "^2.5.1"
    source-map "^0.5.0"

"@babel/helper-compilation-targets@^7.13.16":
  version "7.13.16"
  resolved "https://registry.npmjs.org/@babel/helper-compilation-targets/-/helper-compilation-targets-7.13.16.tgz"
  integrity sha512-3gmkYIrpqsLlieFwjkGgLaSHmhnvlAYzZLlYVjlW+QwI+1zE17kGxuJGmIqDQdYp56XdmGeD+Bswx0UTyG18xA==
  dependencies:
    "@babel/compat-data" "^7.13.15"
    "@babel/helper-validator-option" "^7.12.17"
    browserslist "^4.14.5"
    semver "^6.3.0"

"@babel/helper-function-name@^7.12.13":
  version "7.12.13"
  resolved "https://registry.npmjs.org/@babel/helper-function-name/-/helper-function-name-7.12.13.tgz"
  integrity sha512-TZvmPn0UOqmvi5G4vvw0qZTpVptGkB1GL61R6lKvrSdIxGm5Pky7Q3fpKiIkQCAtRCBUwB0PaThlx9vebCDSwA==
  dependencies:
    "@babel/helper-get-function-arity" "^7.12.13"
    "@babel/template" "^7.12.13"
    "@babel/types" "^7.12.13"

"@babel/helper-get-function-arity@^7.12.13":
  version "7.12.13"
  resolved "https://registry.npmjs.org/@babel/helper-get-function-arity/-/helper-get-function-arity-7.12.13.tgz"
  integrity sha512-DjEVzQNz5LICkzN0REdpD5prGoidvbdYk1BVgRUOINaWJP2t6avB27X1guXK1kXNrX0WMfsrm1A/ZBthYuIMQg==
  dependencies:
    "@babel/types" "^7.12.13"

"@babel/helper-member-expression-to-functions@^7.13.12":
  version "7.13.12"
  resolved "https://registry.npmjs.org/@babel/helper-member-expression-to-functions/-/helper-member-expression-to-functions-7.13.12.tgz"
  integrity sha512-48ql1CLL59aKbU94Y88Xgb2VFy7a95ykGRbJJaaVv+LX5U8wFpLfiGXJJGUozsmA1oEh/o5Bp60Voq7ACyA/Sw==
  dependencies:
    "@babel/types" "^7.13.12"

"@babel/helper-module-imports@^7.13.12":
  version "7.13.12"
  resolved "https://registry.npmjs.org/@babel/helper-module-imports/-/helper-module-imports-7.13.12.tgz"
  integrity sha512-4cVvR2/1B693IuOvSI20xqqa/+bl7lqAMR59R4iu39R9aOX8/JoYY1sFaNvUMyMBGnHdwvJgUrzNLoUZxXypxA==
  dependencies:
    "@babel/types" "^7.13.12"

"@babel/helper-module-transforms@^7.13.14":
  version "7.13.14"
  resolved "https://registry.npmjs.org/@babel/helper-module-transforms/-/helper-module-transforms-7.13.14.tgz"
  integrity sha512-QuU/OJ0iAOSIatyVZmfqB0lbkVP0kDRiKj34xy+QNsnVZi/PA6BoSoreeqnxxa9EHFAIL0R9XOaAR/G9WlIy5g==
  dependencies:
    "@babel/helper-module-imports" "^7.13.12"
    "@babel/helper-replace-supers" "^7.13.12"
    "@babel/helper-simple-access" "^7.13.12"
    "@babel/helper-split-export-declaration" "^7.12.13"
    "@babel/helper-validator-identifier" "^7.12.11"
    "@babel/template" "^7.12.13"
    "@babel/traverse" "^7.13.13"
    "@babel/types" "^7.13.14"

"@babel/helper-optimise-call-expression@^7.12.13":
  version "7.12.13"
  resolved "https://registry.npmjs.org/@babel/helper-optimise-call-expression/-/helper-optimise-call-expression-7.12.13.tgz"
  integrity sha512-BdWQhoVJkp6nVjB7nkFWcn43dkprYauqtk++Py2eaf/GRDFm5BxRqEIZCiHlZUGAVmtwKcsVL1dC68WmzeFmiA==
  dependencies:
    "@babel/types" "^7.12.13"

"@babel/helper-plugin-utils@^7.12.13":
  version "7.13.0"
  resolved "https://registry.npmjs.org/@babel/helper-plugin-utils/-/helper-plugin-utils-7.13.0.tgz"
  integrity sha512-ZPafIPSwzUlAoWT8DKs1W2VyF2gOWthGd5NGFMsBcMMol+ZhK+EQY/e6V96poa6PA/Bh+C9plWN0hXO1uB8AfQ==

"@babel/helper-replace-supers@^7.13.12":
  version "7.13.12"
  resolved "https://registry.npmjs.org/@babel/helper-replace-supers/-/helper-replace-supers-7.13.12.tgz"
  integrity sha512-Gz1eiX+4yDO8mT+heB94aLVNCL+rbuT2xy4YfyNqu8F+OI6vMvJK891qGBTqL9Uc8wxEvRW92Id6G7sDen3fFw==
  dependencies:
    "@babel/helper-member-expression-to-functions" "^7.13.12"
    "@babel/helper-optimise-call-expression" "^7.12.13"
    "@babel/traverse" "^7.13.0"
    "@babel/types" "^7.13.12"

"@babel/helper-simple-access@^7.13.12":
  version "7.13.12"
  resolved "https://registry.npmjs.org/@babel/helper-simple-access/-/helper-simple-access-7.13.12.tgz"
  integrity sha512-7FEjbrx5SL9cWvXioDbnlYTppcZGuCY6ow3/D5vMggb2Ywgu4dMrpTJX0JdQAIcRRUElOIxF3yEooa9gUb9ZbA==
  dependencies:
    "@babel/types" "^7.13.12"

"@babel/helper-split-export-declaration@^7.12.13":
  version "7.12.13"
  resolved "https://registry.npmjs.org/@babel/helper-split-export-declaration/-/helper-split-export-declaration-7.12.13.tgz"
  integrity sha512-tCJDltF83htUtXx5NLcaDqRmknv652ZWCHyoTETf1CXYJdPC7nohZohjUgieXhv0hTJdRf2FjDueFehdNucpzg==
  dependencies:
    "@babel/types" "^7.12.13"

"@babel/helper-validator-identifier@^7.12.11":
  version "7.12.11"
  resolved "https://registry.npmjs.org/@babel/helper-validator-identifier/-/helper-validator-identifier-7.12.11.tgz"
  integrity sha512-np/lG3uARFybkoHokJUmf1QfEvRVCPbmQeUQpKow5cQ3xWrV9i3rUHodKDJPQfTVX61qKi+UdYk8kik84n7XOw==

"@babel/helper-validator-option@^7.12.17":
  version "7.12.17"
  resolved "https://registry.npmjs.org/@babel/helper-validator-option/-/helper-validator-option-7.12.17.tgz"
  integrity sha512-TopkMDmLzq8ngChwRlyjR6raKD6gMSae4JdYDB8bByKreQgG0RBTuKe9LRxW3wFtUnjxOPRKBDwEH6Mg5KeDfw==

"@babel/helpers@^7.13.16":
  version "7.13.17"
  resolved "https://registry.npmjs.org/@babel/helpers/-/helpers-7.13.17.tgz"
  integrity sha512-Eal4Gce4kGijo1/TGJdqp3WuhllaMLSrW6XcL0ulyUAQOuxHcCafZE8KHg9857gcTehsm/v7RcOx2+jp0Ryjsg==
  dependencies:
    "@babel/template" "^7.12.13"
    "@babel/traverse" "^7.13.17"
    "@babel/types" "^7.13.17"

"@babel/highlight@^7.12.13":
  version "7.13.10"
  resolved "https://registry.npmjs.org/@babel/highlight/-/highlight-7.13.10.tgz"
  integrity sha512-5aPpe5XQPzflQrFwL1/QoeHkP2MsA4JCntcXHRhEsdsfPVkvPi2w7Qix4iV7t5S/oC9OodGrggd8aco1g3SZFg==
  dependencies:
    "@babel/helper-validator-identifier" "^7.12.11"
    chalk "^2.0.0"
    js-tokens "^4.0.0"

"@babel/parser@^7.12.13", "@babel/parser@^7.13.16":
  version "7.13.16"
  resolved "https://registry.npmjs.org/@babel/parser/-/parser-7.13.16.tgz"
  integrity sha512-6bAg36mCwuqLO0hbR+z7PHuqWiCeP7Dzg73OpQwsAB1Eb8HnGEz5xYBzCfbu+YjoaJsJs+qheDxVAuqbt3ILEw==

"@babel/plugin-transform-react-jsx-self@^7.12.13":
  version "7.12.13"
  resolved "https://registry.npmjs.org/@babel/plugin-transform-react-jsx-self/-/plugin-transform-react-jsx-self-7.12.13.tgz"
  integrity sha512-FXYw98TTJ125GVCCkFLZXlZ1qGcsYqNQhVBQcZjyrwf8FEUtVfKIoidnO8S0q+KBQpDYNTmiGo1gn67Vti04lQ==
  dependencies:
    "@babel/helper-plugin-utils" "^7.12.13"

"@babel/plugin-transform-react-jsx-source@^7.12.13":
  version "7.12.13"
  resolved "https://registry.npmjs.org/@babel/plugin-transform-react-jsx-source/-/plugin-transform-react-jsx-source-7.12.13.tgz"
  integrity sha512-O5JJi6fyfih0WfDgIJXksSPhGP/G0fQpfxYy87sDc+1sFmsCS6wr3aAn+whbzkhbjtq4VMqLRaSzR6IsshIC0Q==
  dependencies:
    "@babel/helper-plugin-utils" "^7.12.13"

"@babel/runtime@^7.1.2", "@babel/runtime@^7.12.1":
  version "7.13.17"
  resolved "https://registry.npmjs.org/@babel/runtime/-/runtime-7.13.17.tgz"
  integrity sha512-NCdgJEelPTSh+FEFylhnP1ylq848l1z9t9N0j1Lfbcw0+KXGjsTvUmkxy+voLLXB5SOKMbLLx4jxYliGrYQseA==
  dependencies:
    regenerator-runtime "^0.13.4"

"@babel/template@^7.12.13":
  version "7.12.13"
  resolved "https://registry.npmjs.org/@babel/template/-/template-7.12.13.tgz"
  integrity sha512-/7xxiGA57xMo/P2GVvdEumr8ONhFOhfgq2ihK3h1e6THqzTAkHbkXgB0xI9yeTfIUoH3+oAeHhqm/I43OTbbjA==
  dependencies:
    "@babel/code-frame" "^7.12.13"
    "@babel/parser" "^7.12.13"
    "@babel/types" "^7.12.13"

"@babel/traverse@^7.13.0", "@babel/traverse@^7.13.13", "@babel/traverse@^7.13.15", "@babel/traverse@^7.13.17":
  version "7.13.17"
  resolved "https://registry.npmjs.org/@babel/traverse/-/traverse-7.13.17.tgz"
  integrity sha512-BMnZn0R+X6ayqm3C3To7o1j7Q020gWdqdyP50KEoVqaCO2c/Im7sYZSmVgvefp8TTMQ+9CtwuBp0Z1CZ8V3Pvg==
  dependencies:
    "@babel/code-frame" "^7.12.13"
    "@babel/generator" "^7.13.16"
    "@babel/helper-function-name" "^7.12.13"
    "@babel/helper-split-export-declaration" "^7.12.13"
    "@babel/parser" "^7.13.16"
    "@babel/types" "^7.13.17"
    debug "^4.1.0"
    globals "^11.1.0"

"@babel/types@^7.12.13", "@babel/types@^7.13.12", "@babel/types@^7.13.14", "@babel/types@^7.13.16", "@babel/types@^7.13.17":
  version "7.13.17"
  resolved "https://registry.npmjs.org/@babel/types/-/types-7.13.17.tgz"
  integrity sha512-RawydLgxbOPDlTLJNtoIypwdmAy//uQIzlKt2+iBiJaRlVuI6QLUxVAyWGNfOzp8Yu4L4lLIacoCyTNtpb4wiA==
  dependencies:
    "@babel/helper-validator-identifier" "^7.12.11"
    to-fast-properties "^2.0.0"

"@progress/kendo-drawing@^1.10.0":
  version "1.10.0"
  resolved "https://registry.npmjs.org/@progress/kendo-drawing/-/kendo-drawing-1.10.0.tgz"
  integrity sha512-VfnvBQU9mnmJpu5XMQQC5qh7IGGNLGft03fplLK6unEyJaTn3u1zcw7IrnXplux7+dFKDsfzeV7fwxoFpYI/+A==
  dependencies:
    "@progress/pako-esm" "^1.0.1"

"@progress/kendo-editor-common@1.1.6":
  version "1.1.6"
  resolved "https://registry.npmjs.org/@progress/kendo-editor-common/-/kendo-editor-common-1.1.6.tgz"
  integrity sha512-M+AQix+apxbNfE0wcd1RkE+lFAG1QUIrPrsgkWoNXsn1TfONokJkI2mQ3p4e9RpoAwuSNjs+n48UySfB7cBbHg==
  dependencies:
    "@types/prosemirror-commands" "1.0.4"
    "@types/prosemirror-dropcursor" "1.0.1"
    "@types/prosemirror-gapcursor" "1.0.3"
    "@types/prosemirror-history" "1.0.2"
    "@types/prosemirror-inputrules" "1.0.2"
    "@types/prosemirror-keymap" "1.0.2"
    "@types/prosemirror-model" "1.12.0"
    "@types/prosemirror-schema-list" "1.0.3"
    "@types/prosemirror-state" "1.2.4"
    "@types/prosemirror-tables" "0.9.1"
    "@types/prosemirror-transform" "1.1.2"
    "@types/prosemirror-view" "1.11.4"
    prosemirror-commands "1.1.7"
    prosemirror-dropcursor "1.3.3"
    prosemirror-gapcursor "1.1.5"
    prosemirror-history "1.1.3"
    prosemirror-inputrules "1.1.3"
    prosemirror-keymap "1.1.4"
    prosemirror-model "1.13.3"
    prosemirror-schema-list "1.1.4"
    prosemirror-state "1.3.4"
    prosemirror-tables "1.1.1"
    prosemirror-transform "1.2.12"
    prosemirror-view "1.18.0"
    tslib "^1.7.0"

"@progress/kendo-file-saver@^1.0.1":
  version "1.1.0"
  resolved "https://registry.npmjs.org/@progress/kendo-file-saver/-/kendo-file-saver-1.1.0.tgz"
  integrity sha512-26iPl67d0izUlzU6p98QM5f/spOK3QCdmSJrEzGakw1Yp0qyFmp2V9uKeswfWgX0NhKmJApWjlAxxrtRvYjHYA==

"@progress/kendo-licensing@^1.1.4":
  version "1.1.4"
  resolved "https://registry.npmjs.org/@progress/kendo-licensing/-/kendo-licensing-1.1.4.tgz"
  integrity sha512-kCe97pKTfQOiny/odiH93xveRUURdSnm886bPiooJd0t5DRyphrXXF8GY3gl6bS+HRLv5NGrrXeh4UwFyceb4w==
  dependencies:
    jsonwebtoken "^8.5.1"

"@progress/kendo-popup-common@^1.2.2":
  version "1.8.0"
  resolved "https://registry.npmjs.org/@progress/kendo-popup-common/-/kendo-popup-common-1.8.0.tgz"
  integrity sha512-/cu0nV+3tHKPEE/bUbJTJHv6t8BMYpwI3uVOYENASYy+ZK1dlOfuRhdpSGH85glAH6NMtr/5pYOPojuXFFz/8A==

"@progress/kendo-react-animation@4.5.0", "@progress/kendo-react-animation@^4.5.0":
  version "4.5.0"
  resolved "https://registry.yarnpkg.com/@progress/kendo-react-animation/-/kendo-react-animation-4.5.0.tgz#d3e07c3b8a9c6d57cc7507dd9bc8b43e69cb6561"
  integrity sha512-nK9Gh2KYeXCkJ9P1e560CR3DWeL/hYvgX6pvUh4afoZrW/X8kK5pHRtL9pDhNXuMqxR/62df+VpSpRUl8RbPOQ==
  dependencies:
    "@progress/kendo-react-common" "4.5.0"
    prop-types "^15.6.0"
    react-transition-group "^2.2.0"

"@progress/kendo-react-buttons@^4.5.0":
  version "4.5.0"
  resolved "https://registry.npmjs.org/@progress/kendo-react-buttons/-/kendo-react-buttons-4.5.0.tgz"
  integrity sha512-HkHdoTzvsDBFS6E537d6y9JoOFZsPjYSLsso7SAvwX9CsmbDnbXTFIDCf3XesjtMZlfPf6J/dlAZK5MxTZWeSg==
  dependencies:
    "@progress/kendo-react-common" "4.5.0"
    "@progress/kendo-react-popup" "4.5.0"
    prop-types "^15.6.0"

"@progress/kendo-react-common@4.5.0":
  version "4.5.0"
  resolved "https://registry.npmjs.org/@progress/kendo-react-common/-/kendo-react-common-4.5.0.tgz"
  integrity sha512-0R1e0zNmwy7088gIx1QIDBeRE4oJ68by5am8rk+FpFEFFADBgYuo2bzjitbMHSlc/NB0vVX7MQwv7l1O4GGnOw==
  dependencies:
    "@telerik/kendo-draggable" "^2.1.0"
    prop-types "^15.6.0"

"@progress/kendo-react-dialogs@^4.5.0":
  version "4.5.0"
  resolved "https://registry.npmjs.org/@progress/kendo-react-dialogs/-/kendo-react-dialogs-4.5.0.tgz"
  integrity sha512-0yOTTVmlWjEuVXI+FRKCwxD4XACSUJqf5YrGo8vQCN1AEl9PJkoiycFX4XUCxY4WCppGcxO5GxpJTkGgpHGrmg==
  dependencies:
    "@progress/kendo-react-common" "4.5.0"
    prop-types "^15.6.0"

"@progress/kendo-react-dropdowns@^4.5.0":
  version "4.5.0"
  resolved "https://registry.npmjs.org/@progress/kendo-react-dropdowns/-/kendo-react-dropdowns-4.5.0.tgz"
  integrity sha512-iHOlbNuwHIzHNr2V8/BYzEJMi9UrLSvkK3pzs16SuohnnsiRCNsNTDyB0WoGdVLlj52bCPyZHcMQLXx0CwkQQg==
  dependencies:
    "@progress/kendo-react-common" "4.5.0"
    "@progress/kendo-react-labels" "4.5.0"
    "@progress/kendo-react-popup" "4.5.0"
    prop-types "^15.6.0"

"@progress/kendo-react-editor@^4.5.0":
  version "4.5.0"
  resolved "https://registry.npmjs.org/@progress/kendo-react-editor/-/kendo-react-editor-4.5.0.tgz"
  integrity sha512-CqF5yf0LzhEd2BtjLdVPwFkbTHCiFkEPiUN6M76WOFImbVVteCbWOwy0gWcRJm7kJ9M4Pi51HcKqA2Tkm5/eOQ==
  dependencies:
    "@progress/kendo-editor-common" "1.1.6"
    prop-types "^15.6.0"

"@progress/kendo-react-inputs@^4.5.0":
  version "4.5.0"
  resolved "https://registry.npmjs.org/@progress/kendo-react-inputs/-/kendo-react-inputs-4.5.0.tgz"
  integrity sha512-ruGUHWy0gEr4OKnuRK9J/IzWTaMC41s0jvmT+nHa9f4Z25yiQoIUB4z9QkG3enmA6mA61zz7O+tR23qWagkzzQ==
  dependencies:
    "@progress/kendo-react-common" "4.5.0"
    "@progress/kendo-react-labels" "4.5.0"
    "@progress/kendo-react-popup" "4.5.0"
    prop-types "^15.6.0"

"@progress/kendo-react-intl@^4.5.0":
  version "4.5.0"
  resolved "https://registry.npmjs.org/@progress/kendo-react-intl/-/kendo-react-intl-4.5.0.tgz"
  integrity sha512-v7kclBWhqU2UXPnXT2lmM46QoURci5jk2hT4UgElbP6DC+avPn/E2sL0s+fQ59aqdvHdz1Pdl8K9s+5NRbTrlQ==
  dependencies:
    "@telerik/kendo-intl" "^2.1.0"
    prop-types "^15.6.0"

"@progress/kendo-react-labels@4.5.0":
  version "4.5.0"
  resolved "https://registry.npmjs.org/@progress/kendo-react-labels/-/kendo-react-labels-4.5.0.tgz"
  integrity sha512-elhDzLmjwRKJ3XsVhmfdb/mJgHi46w0/JWTr0tXg73+hpbWjndfdtw42BLLHX/e93qskLObMfKDwfu1TO6i6Ug==
  dependencies:
    "@progress/kendo-react-common" "4.5.0"
    prop-types "^15.6.0"

"@progress/kendo-react-layout@^4.5.0":
  version "4.5.0"
  resolved "https://registry.npmjs.org/@progress/kendo-react-layout/-/kendo-react-layout-4.5.0.tgz"
  integrity sha512-jhch1bUvCxKL2k8opvjq2slxtBZS3qd3W3D6EzKj/DUtyMYKrghdY2pmQFrteP6bdKyKLdfggRtRp7Rgdjdccw==
  dependencies:
    "@progress/kendo-react-animation" "4.5.0"
    "@progress/kendo-react-common" "4.5.0"
    "@progress/kendo-react-popup" "4.5.0"
    prop-types "^15.6.0"

"@progress/kendo-react-pdf@^4.5.0":
  version "4.5.0"
  resolved "https://registry.npmjs.org/@progress/kendo-react-pdf/-/kendo-react-pdf-4.5.0.tgz"
  integrity sha512-+5ptskez43bLV2tlNsasHZRNwBGGXzn4J67at87cHaQuS+LsMCbZjyhmgIBMv4KkpPx26WU4DSq4qjTfiB0uyg==
  dependencies:
    "@progress/kendo-file-saver" "^1.0.1"

"@progress/kendo-react-popup@4.5.0", "@progress/kendo-react-popup@^4.5.0":
  version "4.5.0"
  resolved "https://registry.npmjs.org/@progress/kendo-react-popup/-/kendo-react-popup-4.5.0.tgz"
  integrity sha512-5l2WXD4E6LuYE23kVPHqW8HuYWq4QrZW5MbuHbdOzFPGE8UziAiyQdtkMCBRslBDJYhrV4pNNNnpulIiBVCrSA==
  dependencies:
    "@progress/kendo-popup-common" "^1.2.2"
    "@progress/kendo-react-common" "4.5.0"
    prop-types "^15.6.0"

"@progress/kendo-react-progressbars@^4.5.0":
  version "4.5.0"
  resolved "https://registry.yarnpkg.com/@progress/kendo-react-progressbars/-/kendo-react-progressbars-4.5.0.tgz#ce7ca577e8e5356f46e12031242b8b06e21de299"
  integrity sha512-leEZtZGTsLq98Ubm5itXzTgQHWxX649Q2Lm8bbooGF5hhSBtYPM5LaegZn2Ata8h6nsD8tiGeYQCWpH9eGOb3Q==
  dependencies:
    "@progress/kendo-react-common" "4.5.0"
    prop-types "^15.6.0"

"@progress/kendo-react-treeview@^4.5.0":
  version "4.5.0"
  resolved "https://registry.yarnpkg.com/@progress/kendo-react-treeview/-/kendo-react-treeview-4.5.0.tgz#26a7376c010f7ea115f8b366e4c4e02147b97897"
  integrity sha512-5kH949ZPpdHpWWj8dz9DAOwaft6USTum3ZIN2lU6grNTzpiOcJd2npN3+BftprlPU4rYEld/kNpipXgbRsRdZg==
  dependencies:
    "@progress/kendo-react-common" "4.5.0"
    prop-types "^15.6.0"

"@progress/kendo-theme-default@^4.37.0":
  version "4.37.0"
  resolved "https://registry.yarnpkg.com/@progress/kendo-theme-default/-/kendo-theme-default-4.37.0.tgz#af03067f008896a79f514ec511dae0f19af5c91d"
  integrity sha512-y8oEFllSCVCcGgSF1iIqw0nobOjY//LSpDW55/HgPOnfVLxtTWVzaoZ1olmDFZ83+XaRRtJyyE1x0Jn1HsuNdA==

"@progress/pako-esm@^1.0.1":
  version "1.0.1"
  resolved "https://registry.npmjs.org/@progress/pako-esm/-/pako-esm-1.0.1.tgz"
  integrity sha512-O4A3b1EuE9Xe1pC3Xz9Tcn1M/CYrL71f4y/5TXeytOVTkmkzBgYW97fYP2f+54H0e0erWRaqV/kUUB/a8Uxfbw==

"@telerik/kendo-draggable@^2.1.0":
  version "2.2.1"
  resolved "https://registry.npmjs.org/@telerik/kendo-draggable/-/kendo-draggable-2.2.1.tgz"
  integrity sha512-qmuRJnjByOIjSKi0BKYK7fJ/+ITgL0aumc4IRIEwiYAQgDJWumuSpAOp2p8ctIWzP0JfEUmITs6ziJaoyKIYwQ==

"@telerik/kendo-intl@^2.1.0":
  version "2.3.0"
  resolved "https://registry.npmjs.org/@telerik/kendo-intl/-/kendo-intl-2.3.0.tgz"
  integrity sha512-IFNL37+I8hvO1G6SsW65ixTqkCtPZDH1SlJ33xEKpjCjVwrC/oLCJjuK+EF5buXSPK0iw0YSvlY6hDHAzAYF6g==

"@types/orderedmap@*":
  version "1.0.0"
  resolved "https://registry.npmjs.org/@types/orderedmap/-/orderedmap-1.0.0.tgz"
  integrity sha512-dxKo80TqYx3YtBipHwA/SdFmMMyLCnP+5mkEqN0eMjcTBzHkiiX0ES118DsjDBjvD+zeSsSU9jULTZ+frog+Gw==

"@types/prosemirror-commands@1.0.4":
  version "1.0.4"
  resolved "https://registry.npmjs.org/@types/prosemirror-commands/-/prosemirror-commands-1.0.4.tgz"
  integrity sha512-utDNYB3EXLjAfYIcRWJe6pn3kcQ5kG4RijbT/0Y/TFOm6yhvYS/D9eJVnijdg9LDjykapcezchxGRqFD5LcyaQ==
  dependencies:
    "@types/prosemirror-model" "*"
    "@types/prosemirror-state" "*"
    "@types/prosemirror-view" "*"

"@types/prosemirror-dropcursor@1.0.1":
  version "1.0.1"
  resolved "https://registry.npmjs.org/@types/prosemirror-dropcursor/-/prosemirror-dropcursor-1.0.1.tgz"
  integrity sha512-nHokhFypOZjknolZBm2XShlR7fx1IUcCiA3S2fBwmAraWu6zv3gboDSwwFpoS9UB2xKc4ismAmBxh2bpL3YNkg==
  dependencies:
    "@types/prosemirror-state" "*"

"@types/prosemirror-gapcursor@1.0.3":
  version "1.0.3"
  resolved "https://registry.npmjs.org/@types/prosemirror-gapcursor/-/prosemirror-gapcursor-1.0.3.tgz"
  integrity sha512-kBVjjbMmUk7ZsgpI1NOyY15makulu1skEGr+V9GgY7GQnT9vqjo8/XiNSgSj9s9vRTsTb/KAaTI9KJwWlhbhxQ==
  dependencies:
    "@types/prosemirror-model" "*"
    "@types/prosemirror-state" "*"

"@types/prosemirror-history@1.0.2":
  version "1.0.2"
  resolved "https://registry.npmjs.org/@types/prosemirror-history/-/prosemirror-history-1.0.2.tgz"
  integrity sha512-AcfpWo+HkIuvq/H2zYjIMi2jxa2GWfYaTNiFTB2sigjkpWNM93CIlb7Cimy/4vNH8lVPp0GwLBjYIMRX6zOUyA==
  dependencies:
    "@types/prosemirror-model" "*"
    "@types/prosemirror-state" "*"

"@types/prosemirror-inputrules@1.0.2":
  version "1.0.2"
  resolved "https://registry.npmjs.org/@types/prosemirror-inputrules/-/prosemirror-inputrules-1.0.2.tgz"
  integrity sha512-bKFneQUPnkZmzCJ1uoitpKH6PFW0hc4q55NsC7mFUCvX0eZl0GRKxyfV47jkJbsbyUQoO/QFv0WwLDz2bo15sA==
  dependencies:
    "@types/prosemirror-model" "*"
    "@types/prosemirror-state" "*"

"@types/prosemirror-keymap@1.0.2":
  version "1.0.2"
  resolved "https://registry.npmjs.org/@types/prosemirror-keymap/-/prosemirror-keymap-1.0.2.tgz"
  integrity sha512-94aDnpdrdI5S2UM7MQIjauFeo0MI5S7uU+SMT01m5NXT5CZ/NLHhzN0d1V5zKxe7Nh7fVxuZ7l9DTu5nSMN9sw==
  dependencies:
    "@types/prosemirror-model" "*"
    "@types/prosemirror-state" "*"
    "@types/prosemirror-view" "*"

"@types/prosemirror-model@*", "@types/prosemirror-model@1.12.0":
  version "1.12.0"
  resolved "https://registry.npmjs.org/@types/prosemirror-model/-/prosemirror-model-1.12.0.tgz"
  integrity sha512-IBiaUED/iiDOy3bmrRuQuwIsCFKNcF+S/3cU1+zGoHdrVtpTDtPkDyAo7OvirGfnpgp+QgrOLJveqnihGy3quA==
  dependencies:
    "@types/orderedmap" "*"

"@types/prosemirror-schema-list@1.0.3":
  version "1.0.3"
  resolved "https://registry.npmjs.org/@types/prosemirror-schema-list/-/prosemirror-schema-list-1.0.3.tgz"
  integrity sha512-uWybOf+M2Ea7rlbs0yLsS4YJYNGXYtn4N+w8HCw3Vvfl6wBAROzlMt0gV/D/VW/7J/LlAjwMezuGe8xi24HzXA==
  dependencies:
    "@types/orderedmap" "*"
    "@types/prosemirror-model" "*"
    "@types/prosemirror-state" "*"

"@types/prosemirror-state@*", "@types/prosemirror-state@1.2.4":
  version "1.2.4"
  resolved "https://registry.npmjs.org/@types/prosemirror-state/-/prosemirror-state-1.2.4.tgz"
  integrity sha512-Gch4THfZ9QNsRQ7myibU8cG99F3b8/3Gto083ZuutNG72E0VmS8yfQzA5ahbndr5GUIbmKyOD5LqKTBvx/M0qw==
  dependencies:
    "@types/prosemirror-model" "*"
    "@types/prosemirror-transform" "*"
    "@types/prosemirror-view" "*"

"@types/prosemirror-tables@0.9.1":
  version "0.9.1"
  resolved "https://registry.npmjs.org/@types/prosemirror-tables/-/prosemirror-tables-0.9.1.tgz"
  integrity sha512-zoY1qcAC6kG4UjnaQQXuoyYQdDJMQmY9uzRKdyUppP8rWRR5/kXBHOd84CD9ZvrYUBo3uDmS20qQnc3knr2j9A==
  dependencies:
    prosemirror-tables "*"

"@types/prosemirror-transform@*", "@types/prosemirror-transform@1.1.2":
  version "1.1.2"
  resolved "https://registry.npmjs.org/@types/prosemirror-transform/-/prosemirror-transform-1.1.2.tgz"
  integrity sha512-Ozyvs5Dquc49gaFysmC4gNhv6E65r569HSzw4RXdZgIljZ5Y9K4kHFlDvsWBBDH19+1178X9LMmM9J620O6Bug==
  dependencies:
    "@types/prosemirror-model" "*"

"@types/prosemirror-view@*", "@types/prosemirror-view@1.11.4":
  version "1.11.4"
  resolved "https://registry.npmjs.org/@types/prosemirror-view/-/prosemirror-view-1.11.4.tgz"
  integrity sha512-Hh8v2tpCEMaIesQuw7Y7Pz6imoC1T/bR5OlNGVtp944PZvctXiBvFRkQIb0YvZpt7vVkFzeq2kmR+7mnUfvWiw==
  dependencies:
    "@types/prosemirror-model" "*"
    "@types/prosemirror-state" "*"
    "@types/prosemirror-transform" "*"

"@vitejs/plugin-react-refresh@^1.3.1":
  version "1.3.3"
  resolved "https://registry.yarnpkg.com/@vitejs/plugin-react-refresh/-/plugin-react-refresh-1.3.3.tgz#d5afb3e0463f368a8afadfdd7305fe5c5fe78a6a"
  integrity sha512-J3KFwSQKrEK7fgOwTx0PMTlsolZORUch6BswjsM50q+Y7zSvX1ROIRn+tK2VE8SCvbYRHtzEKFlYW3vsWyTosQ==
  dependencies:
    "@babel/core" "^7.12.13"
    "@babel/plugin-transform-react-jsx-self" "^7.12.13"
    "@babel/plugin-transform-react-jsx-source" "^7.12.13"
    react-refresh "^0.9.0"

ansi-styles@^3.2.1:
  version "3.2.1"
  resolved "https://registry.npmjs.org/ansi-styles/-/ansi-styles-3.2.1.tgz"
  integrity sha512-VT0ZI6kZRdTh8YyJw3SMbYm/u+NqfsAxEpWO0Pf9sq8/e94WxxOpPKx9FR1FlyCtOVDNOQ+8ntlqFxiRc+r5qA==
  dependencies:
    color-convert "^1.9.0"

browserslist@^4.14.5:
  version "4.16.5"
  resolved "https://registry.npmjs.org/browserslist/-/browserslist-4.16.5.tgz"
  integrity sha512-C2HAjrM1AI/djrpAUU/tr4pml1DqLIzJKSLDBXBrNErl9ZCCTXdhwxdJjYc16953+mBWf7Lw+uUJgpgb8cN71A==
  dependencies:
    caniuse-lite "^1.0.30001214"
    colorette "^1.2.2"
    electron-to-chromium "^1.3.719"
    escalade "^3.1.1"
    node-releases "^1.1.71"

buffer-equal-constant-time@1.0.1:
  version "1.0.1"
  resolved "https://registry.npmjs.org/buffer-equal-constant-time/-/buffer-equal-constant-time-1.0.1.tgz"
  integrity sha1-+OcRMvf/5uAaXJaXpMbz5I1cyBk=

caniuse-lite@^1.0.30001214:
  version "1.0.30001218"
  resolved "https://registry.npmjs.org/caniuse-lite/-/caniuse-lite-1.0.30001218.tgz"
  integrity sha512-0ASydOWSy3bB88FbDpJSTt+PfDwnMqrym3yRZfqG8EXSQ06OZhF+q5wgYP/EN+jJMERItNcDQUqMyNjzZ+r5+Q==

chalk@^2.0.0:
  version "2.4.2"
  resolved "https://registry.npmjs.org/chalk/-/chalk-2.4.2.tgz"
  integrity sha512-Mti+f9lpJNcwF4tWV8/OrTTtF1gZi+f8FqlyAdouralcFWFQWF2+NgCHShjkCb+IFBLq9buZwE1xckQU4peSuQ==
  dependencies:
    ansi-styles "^3.2.1"
    escape-string-regexp "^1.0.5"
    supports-color "^5.3.0"

color-convert@^1.9.0:
  version "1.9.3"
  resolved "https://registry.npmjs.org/color-convert/-/color-convert-1.9.3.tgz"
  integrity sha512-QfAUtd+vFdAtFQcC8CCyYt1fYWxSqAiK2cSD6zDB8N3cpsEBAvRxp9zOGg6G/SHHJYAT88/az/IuDGALsNVbGg==
  dependencies:
    color-name "1.1.3"

color-name@1.1.3:
  version "1.1.3"
  resolved "https://registry.npmjs.org/color-name/-/color-name-1.1.3.tgz"
  integrity sha1-p9BVi9icQveV3UIyj3QIMcpTvCU=

colorette@^1.2.2:
  version "1.2.2"
  resolved "https://registry.npmjs.org/colorette/-/colorette-1.2.2.tgz"
  integrity sha512-MKGMzyfeuutC/ZJ1cba9NqcNpfeqMUcYmyF1ZFY6/Cn7CNSAKx6a+s48sqLqyAiZuaP2TcqMhoo+dlwFnVxT9w==

convert-source-map@^1.7.0:
  version "1.7.0"
  resolved "https://registry.npmjs.org/convert-source-map/-/convert-source-map-1.7.0.tgz"
  integrity sha512-4FJkXzKXEDB1snCFZlLP4gpC3JILicCpGbzG9f9G7tGqGCzETQ2hWPrcinA9oU4wtf2biUaEH5065UnMeR33oA==
  dependencies:
    safe-buffer "~5.1.1"

debug@^4.1.0:
  version "4.3.1"
  resolved "https://registry.npmjs.org/debug/-/debug-4.3.1.tgz"
  integrity sha512-doEwdvm4PCeK4K3RQN2ZC2BYUBaxwLARCqZmMjtF8a51J2Rb0xpVloFRnCODwqjpwnAoao4pelN8l3RJdv3gRQ==
  dependencies:
    ms "2.1.2"

dom-helpers@^3.4.0:
  version "3.4.0"
  resolved "https://registry.npmjs.org/dom-helpers/-/dom-helpers-3.4.0.tgz"
  integrity sha512-LnuPJ+dwqKDIyotW1VzmOZ5TONUN7CwkCR5hrgawTUbkBGYdeoNLZo6nNfGkCrjtE1nXXaj7iMMpDa8/d9WoIA==
  dependencies:
    "@babel/runtime" "^7.1.2"

ecdsa-sig-formatter@1.0.11:
  version "1.0.11"
  resolved "https://registry.npmjs.org/ecdsa-sig-formatter/-/ecdsa-sig-formatter-1.0.11.tgz"
  integrity sha512-nagl3RYrbNv6kQkeJIpt6NJZy8twLB/2vtz6yN9Z4vRKHN4/QZJIEbqohALSgwKdnksuY3k5Addp5lg8sVoVcQ==
  dependencies:
    safe-buffer "^5.0.1"

electron-to-chromium@^1.3.719:
  version "1.3.722"
  resolved "https://registry.npmjs.org/electron-to-chromium/-/electron-to-chromium-1.3.722.tgz"
  integrity sha512-aAsc906l0RBsVTsGTK+KirVfey9eNtxyejdkbNzkISGxb7AFna3Kf0qvsp8tMttzBt9Bz3HddtYQ+++/PZtRYA==

esbuild@^0.9.3:
  version "0.9.7"
  resolved "https://registry.npmjs.org/esbuild/-/esbuild-0.9.7.tgz"
  integrity sha512-VtUf6aQ89VTmMLKrWHYG50uByMF4JQlVysb8dmg6cOgW8JnFCipmz7p+HNBl+RR3LLCuBxFGVauAe2wfnF9bLg==

escalade@^3.1.1:
  version "3.1.1"
  resolved "https://registry.npmjs.org/escalade/-/escalade-3.1.1.tgz"
  integrity sha512-k0er2gUkLf8O0zKJiAhmkTnJlTvINGv7ygDNPbeIsX/TJjGJZHuh9B2UxbsaEkmlEo9MfhrSzmhIlhRlI2GXnw==

escape-string-regexp@^1.0.5:
  version "1.0.5"
  resolved "https://registry.npmjs.org/escape-string-regexp/-/escape-string-regexp-1.0.5.tgz"
  integrity sha1-G2HAViGQqN/2rjuyzwIAyhMLhtQ=

fsevents@~2.3.1:
  version "2.3.2"
  resolved "https://registry.npmjs.org/fsevents/-/fsevents-2.3.2.tgz"
  integrity sha512-xiqMQR4xAeHTuB9uWm+fFRcIOgKBMiOBP+eXiyT7jsgVCq1bkVygt00oASowB7EdtpOHaaPgKt812P9ab+DDKA==

function-bind@^1.1.1:
  version "1.1.1"
  resolved "https://registry.npmjs.org/function-bind/-/function-bind-1.1.1.tgz"
  integrity sha512-yIovAzMX49sF8Yl58fSCWJ5svSLuaibPxXQJFLmBObTuCr0Mf1KiPopGM9NiFjiYBCbfaa2Fh6breQ6ANVTI0A==

gensync@^1.0.0-beta.2:
  version "1.0.0-beta.2"
  resolved "https://registry.npmjs.org/gensync/-/gensync-1.0.0-beta.2.tgz"
  integrity sha512-3hN7NaskYvMDLQY55gnW3NQ+mesEAepTqlg+VEbj7zzqEMBVNhzcGYYeqFo/TlYz6eQiFcp1HcsCZO+nGgS8zg==

globals@^11.1.0:
  version "11.12.0"
  resolved "https://registry.npmjs.org/globals/-/globals-11.12.0.tgz"
  integrity sha512-WOBp/EEGUiIsJSp7wcv/y6MO+lV9UoncWqxuFfm8eBwzWNgyfBd6Gz+IeKQ9jCmyhoH99g15M3T+QaVHFjizVA==

has-flag@^3.0.0:
  version "3.0.0"
  resolved "https://registry.npmjs.org/has-flag/-/has-flag-3.0.0.tgz"
  integrity sha1-tdRU3CGZriJWmfNGfloH87lVuv0=

has@^1.0.3:
  version "1.0.3"
  resolved "https://registry.npmjs.org/has/-/has-1.0.3.tgz"
  integrity sha512-f2dvO0VU6Oej7RkWJGrehjbzMAjFp5/VKPp5tTpWIV4JHHZK1/BxbFRtf/siA2SWTe09caDmVtYYzWEIbBS4zw==
  dependencies:
    function-bind "^1.1.1"

history@^4.9.0:
  version "4.10.1"
  resolved "https://registry.npmjs.org/history/-/history-4.10.1.tgz"
  integrity sha512-36nwAD620w12kuzPAsyINPWJqlNbij+hpK1k9XRloDtym8mxzGYl2c17LnV6IAGB2Dmg4tEa7G7DlawS0+qjew==
  dependencies:
    "@babel/runtime" "^7.1.2"
    loose-envify "^1.2.0"
    resolve-pathname "^3.0.0"
    tiny-invariant "^1.0.2"
    tiny-warning "^1.0.0"
    value-equal "^1.0.1"

hoist-non-react-statics@^3.1.0:
  version "3.3.2"
  resolved "https://registry.npmjs.org/hoist-non-react-statics/-/hoist-non-react-statics-3.3.2.tgz"
  integrity sha512-/gGivxi8JPKWNm/W0jSmzcMPpfpPLc3dY/6GxhX2hQ9iGj3aDfklV4ET7NjKpSinLpJ5vafa9iiGIEZg10SfBw==
  dependencies:
    react-is "^16.7.0"

is-core-module@^2.2.0:
  version "2.3.0"
  resolved "https://registry.npmjs.org/is-core-module/-/is-core-module-2.3.0.tgz"
  integrity sha512-xSphU2KG9867tsYdLD4RWQ1VqdFl4HTO9Thf3I/3dLEfr0dbPTWKsuCKrgqMljg4nPE+Gq0VCnzT3gr0CyBmsw==
  dependencies:
    has "^1.0.3"

isarray@0.0.1:
  version "0.0.1"
  resolved "https://registry.npmjs.org/isarray/-/isarray-0.0.1.tgz"
  integrity sha1-ihis/Kmo9Bd+Cav8YDiTmwXR7t8=

"js-tokens@^3.0.0 || ^4.0.0", js-tokens@^4.0.0:
  version "4.0.0"
  resolved "https://registry.npmjs.org/js-tokens/-/js-tokens-4.0.0.tgz"
  integrity sha512-RdJUflcE3cUzKiMqQgsCu06FPu9UdIJO0beYbPhHN4k6apgJtifcoCtT9bcxOpYBtpD2kCM6Sbzg4CausW/PKQ==

jsesc@^2.5.1:
  version "2.5.2"
  resolved "https://registry.npmjs.org/jsesc/-/jsesc-2.5.2.tgz"
  integrity sha512-OYu7XEzjkCQ3C5Ps3QIZsQfNpqoJyZZA99wd9aWd05NCtC5pWOkShK2mkL6HXQR6/Cy2lbNdPlZBpuQHXE63gA==

json5@^2.1.2:
  version "2.2.0"
  resolved "https://registry.npmjs.org/json5/-/json5-2.2.0.tgz"
  integrity sha512-f+8cldu7X/y7RAJurMEJmdoKXGB/X550w2Nr3tTbezL6RwEE/iMcm+tZnXeoZtKuOq6ft8+CqzEkrIgx1fPoQA==
  dependencies:
    minimist "^1.2.5"

jsonwebtoken@^8.5.1:
  version "8.5.1"
  resolved "https://registry.npmjs.org/jsonwebtoken/-/jsonwebtoken-8.5.1.tgz"
  integrity sha512-XjwVfRS6jTMsqYs0EsuJ4LGxXV14zQybNd4L2r0UvbVnSF9Af8x7p5MzbJ90Ioz/9TI41/hTCvznF/loiSzn8w==
  dependencies:
    jws "^3.2.2"
    lodash.includes "^4.3.0"
    lodash.isboolean "^3.0.3"
    lodash.isinteger "^4.0.4"
    lodash.isnumber "^3.0.3"
    lodash.isplainobject "^4.0.6"
    lodash.isstring "^4.0.1"
    lodash.once "^4.0.0"
    ms "^2.1.1"
    semver "^5.6.0"

jwa@^1.4.1:
  version "1.4.1"
  resolved "https://registry.npmjs.org/jwa/-/jwa-1.4.1.tgz"
  integrity sha512-qiLX/xhEEFKUAJ6FiBMbes3w9ATzyk5W7Hvzpa/SLYdxNtng+gcurvrI7TbACjIXlsJyr05/S1oUhZrc63evQA==
  dependencies:
    buffer-equal-constant-time "1.0.1"
    ecdsa-sig-formatter "1.0.11"
    safe-buffer "^5.0.1"

jws@^3.2.2:
  version "3.2.2"
  resolved "https://registry.npmjs.org/jws/-/jws-3.2.2.tgz"
  integrity sha512-YHlZCB6lMTllWDtSPHz/ZXTsi8S00usEV6v1tjq8tOUZzw7DpSDWVXjXDre6ed1w/pd495ODpHZYSdkRTsa0HA==
  dependencies:
    jwa "^1.4.1"
    safe-buffer "^5.0.1"

lodash.includes@^4.3.0:
  version "4.3.0"
  resolved "https://registry.npmjs.org/lodash.includes/-/lodash.includes-4.3.0.tgz"
  integrity sha1-YLuYqHy5I8aMoeUTJUgzFISfVT8=

lodash.isboolean@^3.0.3:
  version "3.0.3"
  resolved "https://registry.npmjs.org/lodash.isboolean/-/lodash.isboolean-3.0.3.tgz"
  integrity sha1-bC4XHbKiV82WgC/UOwGyDV9YcPY=

lodash.isinteger@^4.0.4:
  version "4.0.4"
  resolved "https://registry.npmjs.org/lodash.isinteger/-/lodash.isinteger-4.0.4.tgz"
  integrity sha1-YZwK89A/iwTDH1iChAt3sRzWg0M=

lodash.isnumber@^3.0.3:
  version "3.0.3"
  resolved "https://registry.npmjs.org/lodash.isnumber/-/lodash.isnumber-3.0.3.tgz"
  integrity sha1-POdoEMWSjQM1IwGsKHMX8RwLH/w=

lodash.isplainobject@^4.0.6:
  version "4.0.6"
  resolved "https://registry.npmjs.org/lodash.isplainobject/-/lodash.isplainobject-4.0.6.tgz"
  integrity sha1-fFJqUtibRcRcxpC4gWO+BJf1UMs=

lodash.isstring@^4.0.1:
  version "4.0.1"
  resolved "https://registry.npmjs.org/lodash.isstring/-/lodash.isstring-4.0.1.tgz"
  integrity sha1-1SfftUVuynzJu5XV2ur4i6VKVFE=

lodash.once@^4.0.0:
  version "4.1.1"
  resolved "https://registry.npmjs.org/lodash.once/-/lodash.once-4.1.1.tgz"
  integrity sha1-DdOXEhPHxW34gJd9UEyI+0cal6w=

loose-envify@^1.1.0, loose-envify@^1.2.0, loose-envify@^1.3.1, loose-envify@^1.4.0:
  version "1.4.0"
  resolved "https://registry.npmjs.org/loose-envify/-/loose-envify-1.4.0.tgz"
  integrity sha512-lyuxPGr/Wfhrlem2CL/UcnUc1zcqKAImBDzukY7Y5F/yQiNdko6+fRLevlw1HgMySw7f611UIY408EtxRSoK3Q==
  dependencies:
    js-tokens "^3.0.0 || ^4.0.0"

mini-create-react-context@^0.4.0:
  version "0.4.1"
  resolved "https://registry.npmjs.org/mini-create-react-context/-/mini-create-react-context-0.4.1.tgz"
  integrity sha512-YWCYEmd5CQeHGSAKrYvXgmzzkrvssZcuuQDDeqkT+PziKGMgE+0MCCtcKbROzocGBG1meBLl2FotlRwf4gAzbQ==
  dependencies:
    "@babel/runtime" "^7.12.1"
    tiny-warning "^1.0.3"

minimist@^1.2.5:
  version "1.2.5"
  resolved "https://registry.npmjs.org/minimist/-/minimist-1.2.5.tgz"
  integrity sha512-FM9nNUYrRBAELZQT3xeZQ7fmMOBg6nWNmJKTcgsJeaLstP/UODVpGsr5OhXhhXg6f+qtJ8uiZ+PUxkDWcgIXLw==

ms@2.1.2:
  version "2.1.2"
  resolved "https://registry.npmjs.org/ms/-/ms-2.1.2.tgz"
  integrity sha512-sGkPx+VjMtmA6MX27oA4FBFELFCZZ4S4XqeGOXCv68tT+jb3vk/RyaKWP0PTKyWtmLSM0b+adUTEvbs1PEaH2w==

ms@^2.1.1:
  version "2.1.3"
  resolved "https://registry.npmjs.org/ms/-/ms-2.1.3.tgz"
  integrity sha512-6FlzubTLZG3J2a/NVCAleEhjzq5oxgHyaCU9yYXvcLsvoVaHJq/s5xXI6/XXP6tz7R9xAOtHnSO/tXtF3WRTlA==

nanoid@^3.1.22:
  version "3.1.22"
  resolved "https://registry.npmjs.org/nanoid/-/nanoid-3.1.22.tgz"
  integrity sha512-/2ZUaJX2ANuLtTvqTlgqBQNJoQO398KyJgZloL0PZkC0dpysjncRUPsFe3DUPzz/y3h+u7C46np8RMuvF3jsSQ==

node-releases@^1.1.71:
  version "1.1.71"
  resolved "https://registry.npmjs.org/node-releases/-/node-releases-1.1.71.tgz"
  integrity sha512-zR6HoT6LrLCRBwukmrVbHv0EpEQjksO6GmFcZQQuCAy139BEsoVKPYnf3jongYW83fAa1torLGYwxxky/p28sg==

object-assign@^4.1.1:
  version "4.1.1"
  resolved "https://registry.npmjs.org/object-assign/-/object-assign-4.1.1.tgz"
  integrity sha1-IQmtx5ZYh8/AXLvUQsrIv7s2CGM=

orderedmap@^1.1.0:
  version "1.1.1"
  resolved "https://registry.npmjs.org/orderedmap/-/orderedmap-1.1.1.tgz"
  integrity sha512-3Ux8um0zXbVacKUkcytc0u3HgC0b0bBLT+I60r2J/En72cI0nZffqrA7Xtf2Hqs27j1g82llR5Mhbd0Z1XW4AQ==

path-parse@^1.0.6:
  version "1.0.6"
  resolved "https://registry.npmjs.org/path-parse/-/path-parse-1.0.6.tgz"
  integrity sha512-GSmOT2EbHrINBf9SR7CDELwlJ8AENk3Qn7OikK4nFYAu3Ote2+JYNVvkpAEQm3/TLNEJFD/xZJjzyxg3KBWOzw==

path-to-regexp@^1.7.0:
  version "1.8.0"
  resolved "https://registry.npmjs.org/path-to-regexp/-/path-to-regexp-1.8.0.tgz"
  integrity sha512-n43JRhlUKUAlibEJhPeir1ncUID16QnEjNpwzNdO3Lm4ywrBpBZ5oLD0I6br9evr1Y9JTqwRtAh7JLoOzAQdVA==
  dependencies:
    isarray "0.0.1"

postcss@^8.2.1:
  version "8.2.13"
  resolved "https://registry.npmjs.org/postcss/-/postcss-8.2.13.tgz"
  integrity sha512-FCE5xLH+hjbzRdpbRb1IMCvPv9yZx2QnDarBEYSN0N0HYk+TcXsEhwdFcFb+SRWOKzKGErhIEbBK2ogyLdTtfQ==
  dependencies:
    colorette "^1.2.2"
    nanoid "^3.1.22"
    source-map "^0.6.1"

prop-types@^15.6.0, prop-types@^15.6.2:
  version "15.7.2"
  resolved "https://registry.npmjs.org/prop-types/-/prop-types-15.7.2.tgz"
  integrity sha512-8QQikdH7//R2vurIJSutZ1smHYTcLpRWEOlHnzcWHmBYrOGUysKwSsrC89BCiFj3CbrfJ/nXFdJepOVrY1GCHQ==
  dependencies:
    loose-envify "^1.4.0"
    object-assign "^4.1.1"
    react-is "^16.8.1"

prosemirror-commands@1.1.7:
  version "1.1.7"
  resolved "https://registry.npmjs.org/prosemirror-commands/-/prosemirror-commands-1.1.7.tgz"
  integrity sha512-tuQr8q5euDjE+WAHWmu1JMLYWsPfUDH80QLLpnQrPYOPysO26FZyyHwEvA0+hUzvF8fOt1oMj0+/YM9UsPkZiA==
  dependencies:
    prosemirror-model "^1.0.0"
    prosemirror-state "^1.0.0"
    prosemirror-transform "^1.0.0"

prosemirror-dropcursor@1.3.3:
  version "1.3.3"
  resolved "https://registry.npmjs.org/prosemirror-dropcursor/-/prosemirror-dropcursor-1.3.3.tgz"
  integrity sha512-zavE+wh+qkDcP7LaWn+jXVujGyQzBYSmM8E2HSngQ3KaaR+HJYgEBYGs9ynLHqKWLlLCXsxWdVYPV49v4caFyg==
  dependencies:
    prosemirror-state "^1.0.0"
    prosemirror-transform "^1.1.0"
    prosemirror-view "^1.1.0"

prosemirror-gapcursor@1.1.5:
  version "1.1.5"
  resolved "https://registry.npmjs.org/prosemirror-gapcursor/-/prosemirror-gapcursor-1.1.5.tgz"
  integrity sha512-SjbUZq5pgsBDuV3hu8GqgIpZR5eZvGLM+gPQTqjVVYSMUCfKW3EGXTEYaLHEl1bGduwqNC95O3bZflgtAb4L6w==
  dependencies:
    prosemirror-keymap "^1.0.0"
    prosemirror-model "^1.0.0"
    prosemirror-state "^1.0.0"
    prosemirror-view "^1.0.0"

prosemirror-history@1.1.3:
  version "1.1.3"
  resolved "https://registry.npmjs.org/prosemirror-history/-/prosemirror-history-1.1.3.tgz"
  integrity sha512-zGDotijea+vnfnyyUGyiy1wfOQhf0B/b6zYcCouBV8yo6JmrE9X23M5q7Nf/nATywEZbgRLG70R4DmfSTC+gfg==
  dependencies:
    prosemirror-state "^1.2.2"
    prosemirror-transform "^1.0.0"
    rope-sequence "^1.3.0"

prosemirror-inputrules@1.1.3:
  version "1.1.3"
  resolved "https://registry.npmjs.org/prosemirror-inputrules/-/prosemirror-inputrules-1.1.3.tgz"
  integrity sha512-ZaHCLyBtvbyIHv0f5p6boQTIJjlD6o2NPZiEaZWT2DA+j591zS29QQEMT4lBqwcLW3qRSf7ZvoKNbf05YrsStw==
  dependencies:
    prosemirror-state "^1.0.0"
    prosemirror-transform "^1.0.0"

prosemirror-keymap@1.1.4, prosemirror-keymap@^1.0.0, prosemirror-keymap@^1.1.2:
  version "1.1.4"
  resolved "https://registry.npmjs.org/prosemirror-keymap/-/prosemirror-keymap-1.1.4.tgz"
  integrity sha512-Al8cVUOnDFL4gcI5IDlG6xbZ0aOD/i3B17VT+1JbHWDguCgt/lBHVTHUBcKvvbSg6+q/W4Nj1Fu6bwZSca3xjg==
  dependencies:
    prosemirror-state "^1.0.0"
    w3c-keyname "^2.2.0"

prosemirror-model@1.13.3, prosemirror-model@^1.0.0, prosemirror-model@^1.1.0, prosemirror-model@^1.8.1:
  version "1.13.3"
  resolved "https://registry.npmjs.org/prosemirror-model/-/prosemirror-model-1.13.3.tgz"
  integrity sha512-wujIYYQEcxdkbKmIJiekVjqtylKxuoEcc+w2PnN7Itc58m/75J4rCUz2dibygVQJFi3gZrD2DNFLjOS6LP4w1g==
  dependencies:
    orderedmap "^1.1.0"

prosemirror-schema-list@1.1.4:
  version "1.1.4"
  resolved "https://registry.npmjs.org/prosemirror-schema-list/-/prosemirror-schema-list-1.1.4.tgz"
  integrity sha512-pNTuZflacFOBlxrTcWSdWhjoB8BaucwfJVp/gJNxztOwaN3wQiC65axclXyplf6TKgXD/EkWfS/QAov3/Znadw==
  dependencies:
    prosemirror-model "^1.0.0"
    prosemirror-transform "^1.0.0"

prosemirror-state@1.3.4, prosemirror-state@^1.0.0, prosemirror-state@^1.2.2, prosemirror-state@^1.3.1:
  version "1.3.4"
  resolved "https://registry.npmjs.org/prosemirror-state/-/prosemirror-state-1.3.4.tgz"
  integrity sha512-Xkkrpd1y/TQ6HKzN3agsQIGRcLckUMA9u3j207L04mt8ToRgpGeyhbVv0HI7omDORIBHjR29b7AwlATFFf2GLA==
  dependencies:
    prosemirror-model "^1.0.0"
    prosemirror-transform "^1.0.0"

prosemirror-tables@*, prosemirror-tables@1.1.1:
  version "1.1.1"
  resolved "https://registry.npmjs.org/prosemirror-tables/-/prosemirror-tables-1.1.1.tgz"
  integrity sha512-LmCz4jrlqQZRsYRDzCRYf/pQ5CUcSOyqZlAj5kv67ZWBH1SVLP2U9WJEvQfimWgeRlIz0y0PQVqO1arRm1+woA==
  dependencies:
    prosemirror-keymap "^1.1.2"
    prosemirror-model "^1.8.1"
    prosemirror-state "^1.3.1"
    prosemirror-transform "^1.2.1"
    prosemirror-view "^1.13.3"

prosemirror-transform@1.2.12, prosemirror-transform@^1.0.0, prosemirror-transform@^1.1.0, prosemirror-transform@^1.2.1:
  version "1.2.12"
  resolved "https://registry.npmjs.org/prosemirror-transform/-/prosemirror-transform-1.2.12.tgz"
  integrity sha512-S73syqLcGBq6QiPaF7vriB8kpvK/aIFsnErrriKaFLSiE/GxMgBc62TPhNQAeGQr7/9GCDApIReTsJFcMt4o2w==
  dependencies:
    prosemirror-model "^1.0.0"

prosemirror-view@1.18.0, prosemirror-view@^1.0.0, prosemirror-view@^1.1.0, prosemirror-view@^1.13.3:
  version "1.18.0"
  resolved "https://registry.npmjs.org/prosemirror-view/-/prosemirror-view-1.18.0.tgz"
  integrity sha512-UoY29oeWruT6RKhH7wGytUBVrlaszNx43wvOxZPCMjYPvKBT21EIXR8Ezr/3XstvFVBQAWdDh6Ke0qHmF43y/A==
  dependencies:
    prosemirror-model "^1.1.0"
    prosemirror-state "^1.0.0"
    prosemirror-transform "^1.1.0"

react-dom@^17.0.0:
  version "17.0.2"
  resolved "https://registry.yarnpkg.com/react-dom/-/react-dom-17.0.2.tgz#ecffb6845e3ad8dbfcdc498f0d0a939736502c23"
  integrity sha512-s4h96KtLDUQlsENhMn1ar8t2bEa+q/YAtj8pPPdIjPDGBDIVNsrD9aXNWqspUe6AzKCIG0C1HZZLqLV7qpOBGA==
  dependencies:
    loose-envify "^1.1.0"
    object-assign "^4.1.1"
    scheduler "^0.20.2"

react-is@^16.6.0, react-is@^16.7.0, react-is@^16.8.1:
  version "16.13.1"
  resolved "https://registry.npmjs.org/react-is/-/react-is-16.13.1.tgz"
  integrity sha512-24e6ynE2H+OKt4kqsOvNd8kBpV65zoxbA4BVsEOB3ARVWQki/DHzaUoC5KuON/BiccDaCCTZBuOcfZs70kR8bQ==

react-lifecycles-compat@^3.0.4:
  version "3.0.4"
  resolved "https://registry.npmjs.org/react-lifecycles-compat/-/react-lifecycles-compat-3.0.4.tgz"
  integrity sha512-fBASbA6LnOU9dOU2eW7aQ8xmYBSXUIWr+UmF9b1efZBazGNO+rcXT/icdKnYm2pTwcRylVUYwW7H1PHfLekVzA==

react-refresh@^0.9.0:
  version "0.9.0"
  resolved "https://registry.npmjs.org/react-refresh/-/react-refresh-0.9.0.tgz"
  integrity sha512-Gvzk7OZpiqKSkxsQvO/mbTN1poglhmAV7gR/DdIrRrSMXraRQQlfikRJOr3Nb9GTMPC5kof948Zy6jJZIFtDvQ==

react-router-dom@^5.2.0:
  version "5.2.0"
  resolved "https://registry.yarnpkg.com/react-router-dom/-/react-router-dom-5.2.0.tgz#9e65a4d0c45e13289e66c7b17c7e175d0ea15662"
  integrity sha512-gxAmfylo2QUjcwxI63RhQ5G85Qqt4voZpUXSEqCwykV0baaOTQDR1f0PmY8AELqIyVc0NEZUj0Gov5lNGcXgsA==
  dependencies:
    "@babel/runtime" "^7.1.2"
    history "^4.9.0"
    loose-envify "^1.3.1"
    prop-types "^15.6.2"
    react-router "5.2.0"
    tiny-invariant "^1.0.2"
    tiny-warning "^1.0.0"

react-router@5.2.0:
  version "5.2.0"
  resolved "https://registry.npmjs.org/react-router/-/react-router-5.2.0.tgz"
  integrity sha512-smz1DUuFHRKdcJC0jobGo8cVbhO3x50tCL4icacOlcwDOEQPq4TMqwx3sY1TP+DvtTgz4nm3thuo7A+BK2U0Dw==
  dependencies:
    "@babel/runtime" "^7.1.2"
    history "^4.9.0"
    hoist-non-react-statics "^3.1.0"
    loose-envify "^1.3.1"
    mini-create-react-context "^0.4.0"
    path-to-regexp "^1.7.0"
    prop-types "^15.6.2"
    react-is "^16.6.0"
    tiny-invariant "^1.0.2"
    tiny-warning "^1.0.0"

react-transition-group@^2.2.0:
  version "2.9.0"
  resolved "https://registry.npmjs.org/react-transition-group/-/react-transition-group-2.9.0.tgz"
  integrity sha512-+HzNTCHpeQyl4MJ/bdE0u6XRMe9+XG/+aL4mCxVN4DnPBQ0/5bfHWPDuOZUzYdMj94daZaZdCCc1Dzt9R/xSSg==
  dependencies:
    dom-helpers "^3.4.0"
    loose-envify "^1.4.0"
    prop-types "^15.6.2"
    react-lifecycles-compat "^3.0.4"

react@^17.0.0:
  version "17.0.2"
  resolved "https://registry.yarnpkg.com/react/-/react-17.0.2.tgz#d0b5cc516d29eb3eee383f75b62864cfb6800037"
  integrity sha512-gnhPt75i/dq/z3/6q/0asP78D0u592D5L1pd7M8P+dck6Fu/jJeL6iVVK23fptSUZj8Vjf++7wXA8UNclGQcbA==
  dependencies:
    loose-envify "^1.1.0"
    object-assign "^4.1.1"

regenerator-runtime@^0.13.4:
  version "0.13.7"
  resolved "https://registry.npmjs.org/regenerator-runtime/-/regenerator-runtime-0.13.7.tgz"
  integrity sha512-a54FxoJDIr27pgf7IgeQGxmqUNYrcV338lf/6gH456HZ/PhX+5BcwHXG9ajESmwe6WRO0tAzRUrRmNONWgkrew==

resolve-pathname@^3.0.0:
  version "3.0.0"
  resolved "https://registry.npmjs.org/resolve-pathname/-/resolve-pathname-3.0.0.tgz"
  integrity sha512-C7rARubxI8bXFNB/hqcp/4iUeIXJhJZvFPFPiSPRnhU5UPxzMFIl+2E6yY6c4k9giDJAhtV+enfA+G89N6Csng==

resolve@^1.19.0:
  version "1.20.0"
  resolved "https://registry.npmjs.org/resolve/-/resolve-1.20.0.tgz"
  integrity sha512-wENBPt4ySzg4ybFQW2TT1zMQucPK95HSh/nq2CFTZVOGut2+pQvSsgtda4d26YrYcr067wjbmzOG8byDPBX63A==
  dependencies:
    is-core-module "^2.2.0"
    path-parse "^1.0.6"

rollup@^2.38.5:
  version "2.45.2"
  resolved "https://registry.npmjs.org/rollup/-/rollup-2.45.2.tgz"
  integrity sha512-kRRU7wXzFHUzBIv0GfoFFIN3m9oteY4uAsKllIpQDId5cfnkWF2J130l+27dzDju0E6MScKiV0ZM5Bw8m4blYQ==
  optionalDependencies:
    fsevents "~2.3.1"

rope-sequence@^1.3.0:
  version "1.3.2"
  resolved "https://registry.npmjs.org/rope-sequence/-/rope-sequence-1.3.2.tgz"
  integrity sha512-ku6MFrwEVSVmXLvy3dYph3LAMNS0890K7fabn+0YIRQ2T96T9F4gkFf0vf0WW0JUraNWwGRtInEpH7yO4tbQZg==

safe-buffer@^5.0.1:
  version "5.2.1"
  resolved "https://registry.npmjs.org/safe-buffer/-/safe-buffer-5.2.1.tgz"
  integrity sha512-rp3So07KcdmmKbGvgaNxQSJr7bGVSVk5S9Eq1F+ppbRo70+YeaDxkw5Dd8NPN+GD6bjnYm2VuPuCXmpuYvmCXQ==

safe-buffer@~5.1.1:
  version "5.1.2"
  resolved "https://registry.npmjs.org/safe-buffer/-/safe-buffer-5.1.2.tgz"
  integrity sha512-Gd2UZBJDkXlY7GbJxfsE8/nvKkUEU1G38c1siN6QP6a9PT9MmHB8GnpscSmMJSoF8LOIrt8ud/wPtojys4G6+g==

scheduler@^0.20.2:
  version "0.20.2"
  resolved "https://registry.npmjs.org/scheduler/-/scheduler-0.20.2.tgz"
  integrity sha512-2eWfGgAqqWFGqtdMmcL5zCMK1U8KlXv8SQFGglL3CEtd0aDVDWgeF/YoCmvln55m5zSk3J/20hTaSBeSObsQDQ==
  dependencies:
    loose-envify "^1.1.0"
    object-assign "^4.1.1"

semver@^5.6.0:
  version "5.7.1"
  resolved "https://registry.npmjs.org/semver/-/semver-5.7.1.tgz"
  integrity sha512-sauaDf/PZdVgrLTNYHRtpXa1iRiKcaebiKQ1BJdpQlWH2lCvexQdX55snPFyK7QzpudqbCI0qXFfOasHdyNDGQ==

semver@^6.3.0:
  version "6.3.0"
  resolved "https://registry.npmjs.org/semver/-/semver-6.3.0.tgz"
  integrity sha512-b39TBaTSfV6yBrapU89p5fKekE2m/NwnDocOVruQFS1/veMgdzuPcnOM34M6CwxW8jH/lxEa5rBoDeUwu5HHTw==

source-map@^0.5.0:
  version "0.5.7"
  resolved "https://registry.npmjs.org/source-map/-/source-map-0.5.7.tgz"
  integrity sha1-igOdLRAh0i0eoUyA2OpGi6LvP8w=

source-map@^0.6.1:
  version "0.6.1"
  resolved "https://registry.npmjs.org/source-map/-/source-map-0.6.1.tgz"
  integrity sha512-UjgapumWlbMhkBgzT7Ykc5YXUT46F0iKu8SGXq0bcwP5dz/h0Plj6enJqjz1Zbq2l5WaqYnrVbwWOWMyF3F47g==

supports-color@^5.3.0:
  version "5.5.0"
  resolved "https://registry.npmjs.org/supports-color/-/supports-color-5.5.0.tgz"
  integrity sha512-QjVjwdXIt408MIiAqCX4oUKsgU2EqAGzs2Ppkm4aQYbjm+ZEWEcW4SfFNTr4uMNZma0ey4f5lgLrkB0aX0QMow==
  dependencies:
    has-flag "^3.0.0"

tiny-invariant@^1.0.2:
  version "1.1.0"
  resolved "https://registry.npmjs.org/tiny-invariant/-/tiny-invariant-1.1.0.tgz"
  integrity sha512-ytxQvrb1cPc9WBEI/HSeYYoGD0kWnGEOR8RY6KomWLBVhqz0RgTwVO9dLrGz7dC+nN9llyI7OKAgRq8Vq4ZBSw==

tiny-warning@^1.0.0, tiny-warning@^1.0.3:
  version "1.0.3"
  resolved "https://registry.npmjs.org/tiny-warning/-/tiny-warning-1.0.3.tgz"
  integrity sha512-lBN9zLN/oAf68o3zNXYrdCt1kP8WsiGW8Oo2ka41b2IM5JL/S1CTyX1rW0mb/zSuJun0ZUrDxx4sqvYS2FWzPA==

to-fast-properties@^2.0.0:
  version "2.0.0"
  resolved "https://registry.npmjs.org/to-fast-properties/-/to-fast-properties-2.0.0.tgz"
  integrity sha1-3F5pjL0HkmW8c+A3doGk5Og/YW4=

tslib@^1.7.0:
  version "1.14.1"
  resolved "https://registry.npmjs.org/tslib/-/tslib-1.14.1.tgz"
  integrity sha512-Xni35NKzjgMrwevysHTCArtLDpPvye8zV/0E4EyYn43P7/7qvQwPh9BGkHewbMulVntbigmcT7rdX3BNo9wRJg==

value-equal@^1.0.1:
  version "1.0.1"
  resolved "https://registry.npmjs.org/value-equal/-/value-equal-1.0.1.tgz"
  integrity sha512-NOJ6JZCAWr0zlxZt+xqCHNTEKOsrks2HQd4MqhP1qy4z1SkbEP467eNx6TgDKXMvUOb+OENfJCZwM+16n7fRfw==

vite@^2.2.3:
  version "2.2.3"
  resolved "https://registry.yarnpkg.com/vite/-/vite-2.2.3.tgz#1acbdfa56ac00e00e7ccb6988f63f130c2f99dbb"
  integrity sha512-PtjyBL4GtACM+uT5q5hi2+AlMBbb6YI2b2bam6QI8ZdZt4FezseF0yZHQx0G+b3po9jIJ/GS5N9gc5Yq9Rue7g==
  dependencies:
    esbuild "^0.9.3"
    postcss "^8.2.1"
    resolve "^1.19.0"
    rollup "^2.38.5"
  optionalDependencies:
    fsevents "~2.3.1"

w3c-keyname@^2.2.0:
  version "2.2.4"
  resolved "https://registry.npmjs.org/w3c-keyname/-/w3c-keyname-2.2.4.tgz"
  integrity sha512-tOhfEwEzFLJzf6d1ZPkYfGj+FWhIpBux9ppoP3rlclw3Z0BZv3N7b7030Z1kYth+6rDuAsXUFr+d0VE6Ed1ikw==
